
Microsoft Visual Studio Solution File, Format Version 12.00
# Visual Studio Version 17
VisualStudioVersion = 17.0.31903.59
MinimumVisualStudioVersion = 10.0.40219.1
Project("{2150E333-8FDC-42A3-9474-1A3956D46DE8}") = "src", "src", "{6EF6BE93-17AC-4053-911A-5179AC5D9ECF}"
EndProject
Project("{2150E333-8FDC-42A3-9474-1A3956D46DE8}") = "Modules", "Modules", "{A1B2C3D4-E5F6-7890-ABCD-EF1234567890}"
EndProject
Project("{2150E333-8FDC-42A3-9474-1A3956D46DE8}") = "Identity", "Identity", "{B2C3D4E5-F6A7-8901-BCDE-F12345678901}"
EndProject
Project("{FAE04EC0-301F-11D3-BF4B-00C04F79EFBC}") = "Identity.Domain", "src\Modules\Identity\Identity.Domain\Identity.Domain.csproj", "{33D1D443-7004-40D6-9734-4E3419C87050}"
EndProject
Project("{FAE04EC0-301F-11D3-BF4B-00C04F79EFBC}") = "Identity.Application", "src\Modules\Identity\Identity.Application\Identity.Application.csproj", "{E77265BE-8424-4D3D-91BA-30217F25DE8A}"
EndProject
Project("{FAE04EC0-301F-11D3-BF4B-00C04F79EFBC}") = "Portfolio.Api", "src\Portfolio.Api\Portfolio.Api.csproj", "{E5F6A7B8-C9D0-1234-EF01-23456789ABCD}"
EndProject
Project("{FAE04EC0-301F-11D3-BF4B-00C04F79EFBC}") = "Identity.IntegrationTests", "src\Modules\Identity\Identity.IntegrationTests\Identity.IntegrationTests.csproj", "{A7B8C9D0-E1F2-3456-0123-456789ABCDEF}"
EndProject
Project("{FAE04EC0-301F-11D3-BF4B-00C04F79EFBC}") = "Identity.Infrastructure", "src\Modules\Identity\Identity.Infrastructure\Identity.Infrastructure.csproj", "{D3FB116F-06C6-4A6A-AAC7-81CE5991B21D}"
EndProject
Project("{2150E333-8FDC-42A3-9474-1A3956D46DE8}") = "Common", "Common", "{EDBE4B56-4D02-FF36-4D28-CEA47D1FA9B6}"
EndProject
Project("{FAE04EC0-301F-11D3-BF4B-00C04F79EFBC}") = "Common.Infrastructure", "src\Common\Common.Infrastructure\Common.Infrastructure.csproj", "{F49F8079-8C21-4CCC-B97A-718D3ABEC320}"
EndProject
Project("{FAE04EC0-301F-11D3-BF4B-00C04F79EFBC}") = "Common.IntegrationTests", "src\Common\Common.IntegrationTests\Common.IntegrationTests.csproj", "{DA358C60-3290-4031-95E7-EAE862F2E3B0}"
EndProject
Project("{FAE04EC0-301F-11D3-BF4B-00C04F79EFBC}") = "Common.Contracts", "src\Common\Common.Contracts\Common.Contracts.csproj", "{F992AD42-7FF1-41E8-A110-7EFD1E52BE66}"
EndProject
Global
	GlobalSection(SolutionConfigurationPlatforms) = preSolution
		Debug|Any CPU = Debug|Any CPU
		Debug|x64 = Debug|x64
		Debug|x86 = Debug|x86
		Release|Any CPU = Release|Any CPU
		Release|x64 = Release|x64
		Release|x86 = Release|x86
	EndGlobalSection
	GlobalSection(ProjectConfigurationPlatforms) = postSolution
		{33D1D443-7004-40D6-9734-4E3419C87050}.Debug|Any CPU.ActiveCfg = Debug|Any CPU
		{33D1D443-7004-40D6-9734-4E3419C87050}.Debug|Any CPU.Build.0 = Debug|Any CPU
		{33D1D443-7004-40D6-9734-4E3419C87050}.Debug|x64.ActiveCfg = Debug|Any CPU
		{33D1D443-7004-40D6-9734-4E3419C87050}.Debug|x64.Build.0 = Debug|Any CPU
		{33D1D443-7004-40D6-9734-4E3419C87050}.Debug|x86.ActiveCfg = Debug|Any CPU
		{33D1D443-7004-40D6-9734-4E3419C87050}.Debug|x86.Build.0 = Debug|Any CPU
		{33D1D443-7004-40D6-9734-4E3419C87050}.Release|Any CPU.ActiveCfg = Release|Any CPU
		{33D1D443-7004-40D6-9734-4E3419C87050}.Release|Any CPU.Build.0 = Release|Any CPU
		{33D1D443-7004-40D6-9734-4E3419C87050}.Release|x64.ActiveCfg = Release|Any CPU
		{33D1D443-7004-40D6-9734-4E3419C87050}.Release|x64.Build.0 = Release|Any CPU
		{33D1D443-7004-40D6-9734-4E3419C87050}.Release|x86.ActiveCfg = Release|Any CPU
		{33D1D443-7004-40D6-9734-4E3419C87050}.Release|x86.Build.0 = Release|Any CPU
		{E77265BE-8424-4D3D-91BA-30217F25DE8A}.Debug|Any CPU.ActiveCfg = Debug|Any CPU
		{E77265BE-8424-4D3D-91BA-30217F25DE8A}.Debug|Any CPU.Build.0 = Debug|Any CPU
		{E77265BE-8424-4D3D-91BA-30217F25DE8A}.Debug|x64.ActiveCfg = Debug|Any CPU
		{E77265BE-8424-4D3D-91BA-30217F25DE8A}.Debug|x64.Build.0 = Debug|Any CPU
		{E77265BE-8424-4D3D-91BA-30217F25DE8A}.Debug|x86.ActiveCfg = Debug|Any CPU
		{E77265BE-8424-4D3D-91BA-30217F25DE8A}.Debug|x86.Build.0 = Debug|Any CPU
		{E77265BE-8424-4D3D-91BA-30217F25DE8A}.Release|Any CPU.ActiveCfg = Release|Any CPU
		{E77265BE-8424-4D3D-91BA-30217F25DE8A}.Release|Any CPU.Build.0 = Release|Any CPU
		{E77265BE-8424-4D3D-91BA-30217F25DE8A}.Release|x64.ActiveCfg = Release|Any CPU
		{E77265BE-8424-4D3D-91BA-30217F25DE8A}.Release|x64.Build.0 = Release|Any CPU
		{E77265BE-8424-4D3D-91BA-30217F25DE8A}.Release|x86.ActiveCfg = Release|Any CPU
		{E77265BE-8424-4D3D-91BA-30217F25DE8A}.Release|x86.Build.0 = Release|Any CPU
		{E5F6A7B8-C9D0-1234-EF01-23456789ABCD}.Debug|Any CPU.ActiveCfg = Debug|Any CPU
		{E5F6A7B8-C9D0-1234-EF01-23456789ABCD}.Debug|Any CPU.Build.0 = Debug|Any CPU
		{E5F6A7B8-C9D0-1234-EF01-23456789ABCD}.Debug|x64.ActiveCfg = Debug|Any CPU
		{E5F6A7B8-C9D0-1234-EF01-23456789ABCD}.Debug|x64.Build.0 = Debug|Any CPU
		{E5F6A7B8-C9D0-1234-EF01-23456789ABCD}.Debug|x86.ActiveCfg = Debug|Any CPU
		{E5F6A7B8-C9D0-1234-EF01-23456789ABCD}.Debug|x86.Build.0 = Debug|Any CPU
		{E5F6A7B8-C9D0-1234-EF01-23456789ABCD}.Release|Any CPU.ActiveCfg = Release|Any CPU
		{E5F6A7B8-C9D0-1234-EF01-23456789ABCD}.Release|Any CPU.Build.0 = Release|Any CPU
		{E5F6A7B8-C9D0-1234-EF01-23456789ABCD}.Release|x64.ActiveCfg = Release|Any CPU
		{E5F6A7B8-C9D0-1234-EF01-23456789ABCD}.Release|x64.Build.0 = Release|Any CPU
		{E5F6A7B8-C9D0-1234-EF01-23456789ABCD}.Release|x86.ActiveCfg = Release|Any CPU
		{E5F6A7B8-C9D0-1234-EF01-23456789ABCD}.Release|x86.Build.0 = Release|Any CPU
		{A7B8C9D0-E1F2-3456-0123-456789ABCDEF}.Debug|Any CPU.ActiveCfg = Debug|Any CPU
		{A7B8C9D0-E1F2-3456-0123-456789ABCDEF}.Debug|Any CPU.Build.0 = Debug|Any CPU
		{A7B8C9D0-E1F2-3456-0123-456789ABCDEF}.Debug|x64.ActiveCfg = Debug|Any CPU
		{A7B8C9D0-E1F2-3456-0123-456789ABCDEF}.Debug|x64.Build.0 = Debug|Any CPU
		{A7B8C9D0-E1F2-3456-0123-456789ABCDEF}.Debug|x86.ActiveCfg = Debug|Any CPU
		{A7B8C9D0-E1F2-3456-0123-456789ABCDEF}.Debug|x86.Build.0 = Debug|Any CPU
		{A7B8C9D0-E1F2-3456-0123-456789ABCDEF}.Release|Any CPU.ActiveCfg = Release|Any CPU
		{A7B8C9D0-E1F2-3456-0123-456789ABCDEF}.Release|Any CPU.Build.0 = Release|Any CPU
		{A7B8C9D0-E1F2-3456-0123-456789ABCDEF}.Release|x64.ActiveCfg = Release|Any CPU
		{A7B8C9D0-E1F2-3456-0123-456789ABCDEF}.Release|x64.Build.0 = Release|Any CPU
		{A7B8C9D0-E1F2-3456-0123-456789ABCDEF}.Release|x86.ActiveCfg = Release|Any CPU
		{A7B8C9D0-E1F2-3456-0123-456789ABCDEF}.Release|x86.Build.0 = Release|Any CPU
		{D3FB116F-06C6-4A6A-AAC7-81CE5991B21D}.Debug|Any CPU.ActiveCfg = Debug|Any CPU
		{D3FB116F-06C6-4A6A-AAC7-81CE5991B21D}.Debug|Any CPU.Build.0 = Debug|Any CPU
		{D3FB116F-06C6-4A6A-AAC7-81CE5991B21D}.Debug|x64.ActiveCfg = Debug|Any CPU
		{D3FB116F-06C6-4A6A-AAC7-81CE5991B21D}.Debug|x64.Build.0 = Debug|Any CPU
		{D3FB116F-06C6-4A6A-AAC7-81CE5991B21D}.Debug|x86.ActiveCfg = Debug|Any CPU
		{D3FB116F-06C6-4A6A-AAC7-81CE5991B21D}.Debug|x86.Build.0 = Debug|Any CPU
		{D3FB116F-06C6-4A6A-AAC7-81CE5991B21D}.Release|Any CPU.ActiveCfg = Release|Any CPU
		{D3FB116F-06C6-4A6A-AAC7-81CE5991B21D}.Release|Any CPU.Build.0 = Release|Any CPU
		{D3FB116F-06C6-4A6A-AAC7-81CE5991B21D}.Release|x64.ActiveCfg = Release|Any CPU
		{D3FB116F-06C6-4A6A-AAC7-81CE5991B21D}.Release|x64.Build.0 = Release|Any CPU
		{D3FB116F-06C6-4A6A-AAC7-81CE5991B21D}.Release|x86.ActiveCfg = Release|Any CPU
		{D3FB116F-06C6-4A6A-AAC7-81CE5991B21D}.Release|x86.Build.0 = Release|Any CPU
		{F49F8079-8C21-4CCC-B97A-718D3ABEC320}.Debug|Any CPU.ActiveCfg = Debug|Any CPU
		{F49F8079-8C21-4CCC-B97A-718D3ABEC320}.Debug|Any CPU.Build.0 = Debug|Any CPU
		{F49F8079-8C21-4CCC-B97A-718D3ABEC320}.Debug|x64.ActiveCfg = Debug|Any CPU
		{F49F8079-8C21-4CCC-B97A-718D3ABEC320}.Debug|x64.Build.0 = Debug|Any CPU
		{F49F8079-8C21-4CCC-B97A-718D3ABEC320}.Debug|x86.ActiveCfg = Debug|Any CPU
		{F49F8079-8C21-4CCC-B97A-718D3ABEC320}.Debug|x86.Build.0 = Debug|Any CPU
		{F49F8079-8C21-4CCC-B97A-718D3ABEC320}.Release|Any CPU.ActiveCfg = Release|Any CPU
		{F49F8079-8C21-4CCC-B97A-718D3ABEC320}.Release|Any CPU.Build.0 = Release|Any CPU
		{F49F8079-8C21-4CCC-B97A-718D3ABEC320}.Release|x64.ActiveCfg = Release|Any CPU
		{F49F8079-8C21-4CCC-B97A-718D3ABEC320}.Release|x64.Build.0 = Release|Any CPU
		{F49F8079-8C21-4CCC-B97A-718D3ABEC320}.Release|x86.ActiveCfg = Release|Any CPU
		{F49F8079-8C21-4CCC-B97A-718D3ABEC320}.Release|x86.Build.0 = Release|Any CPU
		{DA358C60-3290-4031-95E7-EAE862F2E3B0}.Debug|Any CPU.ActiveCfg = Debug|Any CPU
		{DA358C60-3290-4031-95E7-EAE862F2E3B0}.Debug|Any CPU.Build.0 = Debug|Any CPU
		{DA358C60-3290-4031-95E7-EAE862F2E3B0}.Debug|x64.ActiveCfg = Debug|Any CPU
		{DA358C60-3290-4031-95E7-EAE862F2E3B0}.Debug|x64.Build.0 = Debug|Any CPU
		{DA358C60-3290-4031-95E7-EAE862F2E3B0}.Debug|x86.ActiveCfg = Debug|Any CPU
		{DA358C60-3290-4031-95E7-EAE862F2E3B0}.Debug|x86.Build.0 = Debug|Any CPU
		{DA358C60-3290-4031-95E7-EAE862F2E3B0}.Release|Any CPU.ActiveCfg = Release|Any CPU
		{DA358C60-3290-4031-95E7-EAE862F2E3B0}.Release|Any CPU.Build.0 = Release|Any CPU
		{DA358C60-3290-4031-95E7-EAE862F2E3B0}.Release|x64.ActiveCfg = Release|Any CPU
		{DA358C60-3290-4031-95E7-EAE862F2E3B0}.Release|x64.Build.0 = Release|Any CPU
		{DA358C60-3290-4031-95E7-EAE862F2E3B0}.Release|x86.ActiveCfg = Release|Any CPU
		{DA358C60-3290-4031-95E7-EAE862F2E3B0}.Release|x86.Build.0 = Release|Any CPU
		{F992AD42-7FF1-41E8-A110-7EFD1E52BE66}.Debug|Any CPU.ActiveCfg = Debug|Any CPU
		{F992AD42-7FF1-41E8-A110-7EFD1E52BE66}.Debug|Any CPU.Build.0 = Debug|Any CPU
		{F992AD42-7FF1-41E8-A110-7EFD1E52BE66}.Debug|x64.ActiveCfg = Debug|Any CPU
		{F992AD42-7FF1-41E8-A110-7EFD1E52BE66}.Debug|x64.Build.0 = Debug|Any CPU
		{F992AD42-7FF1-41E8-A110-7EFD1E52BE66}.Debug|x86.ActiveCfg = Debug|Any CPU
		{F992AD42-7FF1-41E8-A110-7EFD1E52BE66}.Debug|x86.Build.0 = Debug|Any CPU
		{F992AD42-7FF1-41E8-A110-7EFD1E52BE66}.Release|Any CPU.ActiveCfg = Release|Any CPU
		{F992AD42-7FF1-41E8-A110-7EFD1E52BE66}.Release|Any CPU.Build.0 = Release|Any CPU
		{F992AD42-7FF1-41E8-A110-7EFD1E52BE66}.Release|x64.ActiveCfg = Release|Any CPU
		{F992AD42-7FF1-41E8-A110-7EFD1E52BE66}.Release|x64.Build.0 = Release|Any CPU
		{F992AD42-7FF1-41E8-A110-7EFD1E52BE66}.Release|x86.ActiveCfg = Release|Any CPU
		{F992AD42-7FF1-41E8-A110-7EFD1E52BE66}.Release|x86.Build.0 = Release|Any CPU
	EndGlobalSection
	GlobalSection(SolutionProperties) = preSolution
		HideSolutionNode = FALSE
	EndGlobalSection
	GlobalSection(NestedProjects) = preSolution
		{A1B2C3D4-E5F6-7890-ABCD-EF1234567890} = {6EF6BE93-17AC-4053-911A-5179AC5D9ECF}
		{B2C3D4E5-F6A7-8901-BCDE-F12345678901} = {A1B2C3D4-E5F6-7890-ABCD-EF1234567890}
		{33D1D443-7004-40D6-9734-4E3419C87050} = {B2C3D4E5-F6A7-8901-BCDE-F12345678901}
		{E77265BE-8424-4D3D-91BA-30217F25DE8A} = {B2C3D4E5-F6A7-8901-BCDE-F12345678901}
		{E5F6A7B8-C9D0-1234-EF01-23456789ABCD} = {6EF6BE93-17AC-4053-911A-5179AC5D9ECF}
		{A7B8C9D0-E1F2-3456-0123-456789ABCDEF} = {B2C3D4E5-F6A7-8901-BCDE-F12345678901}
		{D3FB116F-06C6-4A6A-AAC7-81CE5991B21D} = {B2C3D4E5-F6A7-8901-BCDE-F12345678901}
		{EDBE4B56-4D02-FF36-4D28-CEA47D1FA9B6} = {6EF6BE93-17AC-4053-911A-5179AC5D9ECF}
		{F49F8079-8C21-4CCC-B97A-718D3ABEC320} = {EDBE4B56-4D02-FF36-4D28-CEA47D1FA9B6}
		{DA358C60-3290-4031-95E7-EAE862F2E3B0} = {EDBE4B56-4D02-FF36-4D28-CEA47D1FA9B6}
		{F992AD42-7FF1-41E8-A110-7EFD1E52BE66} = {EDBE4B56-4D02-FF36-4D28-CEA47D1FA9B6}
	EndGlobalSection
EndGlobal
